
Microsoft Visual Studio Solution File, Format Version 12.00
# Visual Studio Version 17
VisualStudioVersion = 17.2.32526.322
MinimumVisualStudioVersion = 10.0.40219.1
Project("{9A19103F-16F7-4668-BE54-9A1E7A4F7556}") = "PracaInzynierska.Domain", "PracaInżynierska.Domain\PracaInzynierska.Domain.csproj", "{4B123B1A-005C-44FB-A042-7824EBBFC77A}"
EndProject
Project("{9A19103F-16F7-4668-BE54-9A1E7A4F7556}") = "PracaInzynierska.Application", "PracaInżynierska.Application\PracaInzynierska.Application.csproj", "{ED2AEE14-EC26-46D2-A769-6ED3D2E01C0D}"
EndProject
Project("{9A19103F-16F7-4668-BE54-9A1E7A4F7556}") = "PracaInzynierska.Api", "PracaInżynierska.Api\PracaInzynierska.Api.csproj", "{99C3E30A-5BA2-41CF-A867-0C6C706FD5AC}"
EndProject
Project("{54A90642-561A-4BB1-A94E-469ADEE60C69}") = "PropertyManager", "PropertyManager\PropertyManager.esproj", "{E20143D9-2576-43A6-8D42-5D9040DCDBFE}"
EndProject
Project("{9A19103F-16F7-4668-BE54-9A1E7A4F7556}") = "PracaInzynierska.Infrastructure", "PracaInżynierska.Infrastructure\PracaInzynierska.Infrastructure.csproj", "{D6B0A76A-230B-4F06-98A9-14737D6A2BF3}"
EndProject
Project("{FAE04EC0-301F-11D3-BF4B-00C04F79EFBC}") = "PracaInzynierska.UnitTests", "PracaInzynierska.UnitTests\PracaInzynierska.UnitTests.csproj", "{52CCD029-A090-4FD6-8894-F0AEEA3D6EC3}"
EndProject
Global
	GlobalSection(SolutionConfigurationPlatforms) = preSolution
		Debug|Any CPU = Debug|Any CPU
		Release|Any CPU = Release|Any CPU
	EndGlobalSection
	GlobalSection(ProjectConfigurationPlatforms) = postSolution
		{4B123B1A-005C-44FB-A042-7824EBBFC77A}.Debug|Any CPU.ActiveCfg = Debug|Any CPU
		{4B123B1A-005C-44FB-A042-7824EBBFC77A}.Debug|Any CPU.Build.0 = Debug|Any CPU
		{4B123B1A-005C-44FB-A042-7824EBBFC77A}.Release|Any CPU.ActiveCfg = Release|Any CPU
		{4B123B1A-005C-44FB-A042-7824EBBFC77A}.Release|Any CPU.Build.0 = Release|Any CPU
		{ED2AEE14-EC26-46D2-A769-6ED3D2E01C0D}.Debug|Any CPU.ActiveCfg = Debug|Any CPU
		{ED2AEE14-EC26-46D2-A769-6ED3D2E01C0D}.Debug|Any CPU.Build.0 = Debug|Any CPU
		{ED2AEE14-EC26-46D2-A769-6ED3D2E01C0D}.Release|Any CPU.ActiveCfg = Release|Any CPU
		{ED2AEE14-EC26-46D2-A769-6ED3D2E01C0D}.Release|Any CPU.Build.0 = Release|Any CPU
		{99C3E30A-5BA2-41CF-A867-0C6C706FD5AC}.Debug|Any CPU.ActiveCfg = Debug|Any CPU
		{99C3E30A-5BA2-41CF-A867-0C6C706FD5AC}.Debug|Any CPU.Build.0 = Debug|Any CPU
		{99C3E30A-5BA2-41CF-A867-0C6C706FD5AC}.Release|Any CPU.ActiveCfg = Release|Any CPU
		{99C3E30A-5BA2-41CF-A867-0C6C706FD5AC}.Release|Any CPU.Build.0 = Release|Any CPU
		{E20143D9-2576-43A6-8D42-5D9040DCDBFE}.Debug|Any CPU.ActiveCfg = Debug|Any CPU
		{E20143D9-2576-43A6-8D42-5D9040DCDBFE}.Debug|Any CPU.Build.0 = Debug|Any CPU
		{E20143D9-2576-43A6-8D42-5D9040DCDBFE}.Debug|Any CPU.Deploy.0 = Debug|Any CPU
		{E20143D9-2576-43A6-8D42-5D9040DCDBFE}.Release|Any CPU.ActiveCfg = Release|Any CPU
		{E20143D9-2576-43A6-8D42-5D9040DCDBFE}.Release|Any CPU.Build.0 = Release|Any CPU
		{E20143D9-2576-43A6-8D42-5D9040DCDBFE}.Release|Any CPU.Deploy.0 = Release|Any CPU
		{D6B0A76A-230B-4F06-98A9-14737D6A2BF3}.Debug|Any CPU.ActiveCfg = Debug|Any CPU
		{D6B0A76A-230B-4F06-98A9-14737D6A2BF3}.Debug|Any CPU.Build.0 = Debug|Any CPU
		{D6B0A76A-230B-4F06-98A9-14737D6A2BF3}.Release|Any CPU.ActiveCfg = Release|Any CPU
		{D6B0A76A-230B-4F06-98A9-14737D6A2BF3}.Release|Any CPU.Build.0 = Release|Any CPU
		{52CCD029-A090-4FD6-8894-F0AEEA3D6EC3}.Debug|Any CPU.ActiveCfg = Debug|Any CPU
		{52CCD029-A090-4FD6-8894-F0AEEA3D6EC3}.Debug|Any CPU.Build.0 = Debug|Any CPU
		{52CCD029-A090-4FD6-8894-F0AEEA3D6EC3}.Release|Any CPU.ActiveCfg = Release|Any CPU
		{52CCD029-A090-4FD6-8894-F0AEEA3D6EC3}.Release|Any CPU.Build.0 = Release|Any CPU
	EndGlobalSection
	GlobalSection(SolutionProperties) = preSolution
		HideSolutionNode = FALSE
	EndGlobalSection
	GlobalSection(ExtensibilityGlobals) = postSolution
		SolutionGuid = {93B885F3-DD79-4B8C-B0B9-1E8FF2B5E1EE}
	EndGlobalSection
EndGlobal
